
Microsoft Visual Studio Solution File, Format Version 12.00
# Visual Studio Version 17
VisualStudioVersion = 17.6.33815.320
MinimumVisualStudioVersion = 10.0.40219.1
Project("{FAE04EC0-301F-11D3-BF4B-00C04F79EFBC}") = "VazifaOOP", "VazifaOOP\VazifaOOP.csproj", "{F9C7D837-379B-416A-B011-0EB7C7D6BD36}"
EndProject
Global
	GlobalSection(SolutionConfigurationPlatforms) = preSolution
		Debug|Any CPU = Debug|Any CPU
		Release|Any CPU = Release|Any CPU
	EndGlobalSection
	GlobalSection(ProjectConfigurationPlatforms) = postSolution
		{F9C7D837-379B-416A-B011-0EB7C7D6BD36}.Debug|Any CPU.ActiveCfg = Debug|Any CPU
		{F9C7D837-379B-416A-B011-0EB7C7D6BD36}.Debug|Any CPU.Build.0 = Debug|Any CPU
		{F9C7D837-379B-416A-B011-0EB7C7D6BD36}.Release|Any CPU.ActiveCfg = Release|Any CPU
		{F9C7D837-379B-416A-B011-0EB7C7D6BD36}.Release|Any CPU.Build.0 = Release|Any CPU
	EndGlobalSection
	GlobalSection(SolutionProperties) = preSolution
		HideSolutionNode = FALSE
	EndGlobalSection
	GlobalSection(ExtensibilityGlobals) = postSolution
		SolutionGuid = {49C8CB3D-0BFA-44FE-BB07-D9393BB6D6FD}
	EndGlobalSection
EndGlobal
